
Microsoft Visual Studio Solution File, Format Version 11.00
# Visual Studio 2010
Project("{FAE04EC0-301F-11D3-BF4B-00C04F79EFBC}") = "DA.Generator", "DA.Generator\DA.Generator.csproj", "{2CEB237B-5950-4CF5-BFD8-6AA56F5E4F45}"
EndProject
Global
	GlobalSection(SolutionConfigurationPlatforms) = preSolution
		Debug|x86 = Debug|x86
		Release|x86 = Release|x86
	EndGlobalSection
	GlobalSection(ProjectConfigurationPlatforms) = postSolution
		{2CEB237B-5950-4CF5-BFD8-6AA56F5E4F45}.Debug|x86.ActiveCfg = Debug|x86
		{2CEB237B-5950-4CF5-BFD8-6AA56F5E4F45}.Debug|x86.Build.0 = Debug|x86
		{2CEB237B-5950-4CF5-BFD8-6AA56F5E4F45}.Release|x86.ActiveCfg = Release|x86
		{2CEB237B-5950-4CF5-BFD8-6AA56F5E4F45}.Release|x86.Build.0 = Release|x86
	EndGlobalSection
	GlobalSection(SolutionProperties) = preSolution
		HideSolutionNode = FALSE
	EndGlobalSection
EndGlobal
